// !$*UTF8*$!
{
	archiveVersion = 1;
	classes = {
	};
	objectVersion = 60;
	objects = {

/* Begin PBXBuildFile section */
		001A00001 /* DemoApp.swift in Sources */ = {isa = PBXBuildFile; fileRef = 001B00001 /* DemoApp.swift */; };
		001A00002 /* ContentView.swift in Sources */ = {isa = PBXBuildFile; fileRef = 001B00002 /* ContentView.swift */; };
		001A00003 /* Assets.xcassets in Resources */ = {isa = PBXBuildFile; fileRef = 001B00003 /* Assets.xcassets */; };
		001A00030 /* BasicListView.swift in Sources */ = {isa = PBXBuildFile; fileRef = 001B00030 /* BasicListView.swift */; };
		001A00031 /* PaginatedListView.swift in Sources */ = {isa = PBXBuildFile; fileRef = 001B00031 /* PaginatedListView.swift */; };
		001A00032 /* SectionedListView.swift in Sources */ = {isa = PBXBuildFile; fileRef = 001B00032 /* SectionedListView.swift */; };
		001A00033 /* DragDropView.swift in Sources */ = {isa = PBXBuildFile; fileRef = 001B00033 /* DragDropView.swift */; };
		001A00034 /* NotificationsView.swift in Sources */ = {isa = PBXBuildFile; fileRef = 001B00034 /* NotificationsView.swift */; };
		001A00040 /* BasicListViewController.swift in Sources */ = {isa = PBXBuildFile; fileRef = 001B00040 /* BasicListViewController.swift */; };
		001A00041 /* PaginatedListViewController.swift in Sources */ = {isa = PBXBuildFile; fileRef = 001B00041 /* PaginatedListViewController.swift */; };
		001A00042 /* SectionedListViewController.swift in Sources */ = {isa = PBXBuildFile; fileRef = 001B00042 /* SectionedListViewController.swift */; };
		001A00043 /* DragDropViewController.swift in Sources */ = {isa = PBXBuildFile; fileRef = 001B00043 /* DragDropViewController.swift */; };
		001A00051 /* PaginatedListViewModelAdapter.swift in Sources */ = {isa = PBXBuildFile; fileRef = 001B00051 /* PaginatedListViewModelAdapter.swift */; };
		001A00053 /* DragDropViewModelAdapter.swift in Sources */ = {isa = PBXBuildFile; fileRef = 001B00053 /* DragDropViewModelAdapter.swift */; };
		001A00054 /* SharedTypes.swift in Sources */ = {isa = PBXBuildFile; fileRef = 001B00054 /* SharedTypes.swift */; };
		001A00060 /* DemoCore in Frameworks */ = {isa = PBXBuildFile; productRef = 001B00060 /* DemoCore */; };
/* End PBXBuildFile section */

/* Begin PBXFileReference section */
		001B00001 /* DemoApp.swift */ = {isa = PBXFileReference; lastKnownFileType = sourcecode.swift; path = DemoApp.swift; sourceTree = "<group>"; };
		001B00002 /* ContentView.swift */ = {isa = PBXFileReference; lastKnownFileType = sourcecode.swift; path = ContentView.swift; sourceTree = "<group>"; };
		001B00003 /* Assets.xcassets */ = {isa = PBXFileReference; lastKnownFileType = folder.assetcatalog; path = Assets.xcassets; sourceTree = "<group>"; };
		001B00030 /* BasicListView.swift */ = {isa = PBXFileReference; lastKnownFileType = sourcecode.swift; path = BasicListView.swift; sourceTree = "<group>"; };
		001B00031 /* PaginatedListView.swift */ = {isa = PBXFileReference; lastKnownFileType = sourcecode.swift; path = PaginatedListView.swift; sourceTree = "<group>"; };
		001B00032 /* SectionedListView.swift */ = {isa = PBXFileReference; lastKnownFileType = sourcecode.swift; path = SectionedListView.swift; sourceTree = "<group>"; };
		001B00033 /* DragDropView.swift */ = {isa = PBXFileReference; lastKnownFileType = sourcecode.swift; path = DragDropView.swift; sourceTree = "<group>"; };
		001B00034 /* NotificationsView.swift */ = {isa = PBXFileReference; lastKnownFileType = sourcecode.swift; path = NotificationsView.swift; sourceTree = "<group>"; };
		001B00040 /* BasicListViewController.swift */ = {isa = PBXFileReference; lastKnownFileType = sourcecode.swift; path = BasicListViewController.swift; sourceTree = "<group>"; };
		001B00041 /* PaginatedListViewController.swift */ = {isa = PBXFileReference; lastKnownFileType = sourcecode.swift; path = PaginatedListViewController.swift; sourceTree = "<group>"; };
		001B00042 /* SectionedListViewController.swift */ = {isa = PBXFileReference; lastKnownFileType = sourcecode.swift; path = SectionedListViewController.swift; sourceTree = "<group>"; };
		001B00043 /* DragDropViewController.swift */ = {isa = PBXFileReference; lastKnownFileType = sourcecode.swift; path = DragDropViewController.swift; sourceTree = "<group>"; };
		001B00051 /* PaginatedListViewModelAdapter.swift */ = {isa = PBXFileReference; lastKnownFileType = sourcecode.swift; path = PaginatedListViewModelAdapter.swift; sourceTree = "<group>"; };
		001B00053 /* DragDropViewModelAdapter.swift */ = {isa = PBXFileReference; lastKnownFileType = sourcecode.swift; path = DragDropViewModelAdapter.swift; sourceTree = "<group>"; };
		001B00054 /* SharedTypes.swift */ = {isa = PBXFileReference; lastKnownFileType = sourcecode.swift; path = SharedTypes.swift; sourceTree = "<group>"; };
		001C00001 /* DemoApp.app */ = {isa = PBXFileReference; explicitFileType = wrapper.application; includeInIndex = 0; path = DemoApp.app; sourceTree = BUILT_PRODUCTS_DIR; };
/* End PBXFileReference section */

/* Begin PBXFrameworksBuildPhase section */
		001D00001 /* Frameworks */ = {
			isa = PBXFrameworksBuildPhase;
			buildActionMask = 2147483647;
			files = (
				001A00060 /* DemoCore in Frameworks */,
			);
			runOnlyForDeploymentPostprocessing = 0;
		};
/* End PBXFrameworksBuildPhase section */

/* Begin PBXGroup section */
		001E00001 = {
			isa = PBXGroup;
			children = (
				001E00002 /* DemoApp */,
				001E00010 /* Products */,
			);
			sourceTree = "<group>";
		};
		001E00002 /* DemoApp */ = {
			isa = PBXGroup;
			children = (
				001B00001 /* DemoApp.swift */,
				001B00002 /* ContentView.swift */,
				001E00007 /* Adapters */,
				001E00005 /* SwiftUI */,
				001E00006 /* UIKit */,
				001B00003 /* Assets.xcassets */,
			);
			path = DemoApp;
			sourceTree = "<group>";
		};
		001E00005 /* SwiftUI */ = {
			isa = PBXGroup;
			children = (
				001B00030 /* BasicListView.swift */,
				001B00031 /* PaginatedListView.swift */,
				001B00032 /* SectionedListView.swift */,
				001B00033 /* DragDropView.swift */,
				001B00034 /* NotificationsView.swift */,
			);
			path = SwiftUI;
			sourceTree = "<group>";
		};
		001E00006 /* UIKit */ = {
			isa = PBXGroup;
			children = (
				001B00040 /* BasicListViewController.swift */,
				001B00041 /* PaginatedListViewController.swift */,
				001B00042 /* SectionedListViewController.swift */,
				001B00043 /* DragDropViewController.swift */,
			);
			path = UIKit;
			sourceTree = "<group>";
		};
		001E00007 /* Adapters */ = {
			isa = PBXGroup;
			children = (
				001B00054 /* SharedTypes.swift */,
				001B00051 /* PaginatedListViewModelAdapter.swift */,
				001B00053 /* DragDropViewModelAdapter.swift */,
			);
			path = Adapters;
			sourceTree = "<group>";
		};
		001E00010 /* Products */ = {
			isa = PBXGroup;
			children = (
				001C00001 /* DemoApp.app */,
			);
			name = Products;
			sourceTree = "<group>";
		};
/* End PBXGroup section */

/* Begin PBXNativeTarget section */
		001F00001 /* DemoApp */ = {
			isa = PBXNativeTarget;
			buildConfigurationList = 002100001 /* Build configuration list for PBXNativeTarget "DemoApp" */;
			buildPhases = (
				002000001 /* Sources */,
				001D00001 /* Frameworks */,
				002000002 /* Resources */,
			);
			buildRules = (
			);
			dependencies = (
			);
			name = DemoApp;
			packageProductDependencies = (
				001B00060 /* DemoCore */,
			);
			productName = DemoApp;
			productReference = 001C00001 /* DemoApp.app */;
			productType = "com.apple.product-type.application";
		};
/* End PBXNativeTarget section */

/* Begin PBXProject section */
		002200001 /* Project object */ = {
			isa = PBXProject;
			attributes = {
				BuildIndependentTargetsInParallel = 1;
				LastSwiftUpdateCheck = 1500;
				LastUpgradeCheck = 1500;
				TargetAttributes = {
					001F00001 = {
						CreatedOnToolsVersion = 15.0;
					};
				};
			};
			buildConfigurationList = 002100002 /* Build configuration list for PBXProject "DemoApp" */;
			compatibilityVersion = "Xcode 14.0";
			developmentRegion = en;
			hasScannedForEncodings = 0;
			knownRegions = (
				en,
				Base,
			);
			mainGroup = 001E00001;
			packageReferences = (
				001E00020 /* XCLocalSwiftPackageReference "DemoCore" */,
			);
			productRefGroup = 001E00010 /* Products */;
			projectDirPath = "";
			projectRoot = "";
			targets = (
				001F00001 /* DemoApp */,
			);
		};
/* End PBXProject section */

/* Begin PBXResourcesBuildPhase section */
		002000002 /* Resources */ = {
			isa = PBXResourcesBuildPhase;
			buildActionMask = 2147483647;
			files = (
				001A00003 /* Assets.xcassets in Resources */,
			);
			runOnlyForDeploymentPostprocessing = 0;
		};
/* End PBXResourcesBuildPhase section */

/* Begin PBXSourcesBuildPhase section */
		002000001 /* Sources */ = {
			isa = PBXSourcesBuildPhase;
			buildActionMask = 2147483647;
			files = (
				001A00001 /* DemoApp.swift in Sources */,
				001A00002 /* ContentView.swift in Sources */,
				001A00054 /* SharedTypes.swift in Sources */,
				001A00051 /* PaginatedListViewModelAdapter.swift in Sources */,
				001A00053 /* DragDropViewModelAdapter.swift in Sources */,
				001A00030 /* BasicListView.swift in Sources */,
				001A00031 /* PaginatedListView.swift in Sources */,
				001A00032 /* SectionedListView.swift in Sources */,
				001A00033 /* DragDropView.swift in Sources */,
				001A00034 /* NotificationsView.swift in Sources */,
				001A00040 /* BasicListViewController.swift in Sources */,
				001A00041 /* PaginatedListViewController.swift in Sources */,
				001A00042 /* SectionedListViewController.swift in Sources */,
				001A00043 /* DragDropViewController.swift in Sources */,
			);
			runOnlyForDeploymentPostprocessing = 0;
		};
/* End PBXSourcesBuildPhase section */

/* Begin XCBuildConfiguration section */
		002300001 /* Debug */ = {
			isa = XCBuildConfiguration;
			buildSettings = {
				ALWAYS_SEARCH_USER_PATHS = NO;
				ASSETCATALOG_COMPILER_GENERATE_SWIFT_ASSET_SYMBOL_EXTENSIONS = YES;
				CLANG_ANALYZER_NONNULL = YES;
				CLANG_ANALYZER_NUMBER_OBJECT_CONVERSION = YES_AGGRESSIVE;
				CLANG_CXX_LANGUAGE_STANDARD = "gnu++20";
				CLANG_ENABLE_MODULES = YES;
				CLANG_ENABLE_OBJC_ARC = YES;
				CLANG_ENABLE_OBJC_WEAK = YES;
				CLANG_WARN_BLOCK_CAPTURE_AUTORELEASING = YES;
				CLANG_WARN_BOOL_CONVERSION = YES;
				CLANG_WARN_COMMA = YES;
				CLANG_WARN_CONSTANT_CONVERSION = YES;
				CLANG_WARN_DEPRECATED_OBJC_IMPLEMENTATIONS = YES;
				CLANG_WARN_DIRECT_OBJC_ISA_USAGE = YES_ERROR;
				CLANG_WARN_DOCUMENTATION_COMMENTS = YES;
				CLANG_WARN_EMPTY_BODY = YES;
				CLANG_WARN_ENUM_CONVERSION = YES;
				CLANG_WARN_INFINITE_RECURSION = YES;
				CLANG_WARN_INT_CONVERSION = YES;
				CLANG_WARN_NON_LITERAL_NULL_CONVERSION = YES;
				CLANG_WARN_OBJC_IMPLICIT_RETAIN_SELF = YES;
				CLANG_WARN_OBJC_LITERAL_CONVERSION = YES;
				CLANG_WARN_OBJC_ROOT_CLASS = YES_ERROR;
				CLANG_WARN_QUOTED_INCLUDE_IN_FRAMEWORK_HEADER = YES;
				CLANG_WARN_RANGE_LOOP_ANALYSIS = YES;
				CLANG_WARN_STRICT_PROTOTYPES = YES;
				CLANG_WARN_SUSPICIOUS_MOVE = YES;
				CLANG_WARN_UNGUARDED_AVAILABILITY = YES_AGGRESSIVE;
				CLANG_WARN_UNREACHABLE_CODE = YES;
				CLANG_WARN__DUPLICATE_METHOD_MATCH = YES;
				COPY_PHASE_STRIP = NO;
				DEBUG_INFORMATION_FORMAT = dwarf;
				ENABLE_STRICT_OBJC_MSGSEND = YES;
				ENABLE_TESTABILITY = YES;
				ENABLE_USER_SCRIPT_SANDBOXING = YES;
				GCC_C_LANGUAGE_STANDARD = gnu17;
				GCC_DYNAMIC_NO_PIC = NO;
				GCC_NO_COMMON_BLOCKS = YES;
				GCC_OPTIMIZATION_LEVEL = 0;
				GCC_PREPROCESSOR_DEFINITIONS = (
					"DEBUG=1",
					"$(inherited)",
				);
				GCC_WARN_64_TO_32_BIT_CONVERSION = YES;
				GCC_WARN_ABOUT_RETURN_TYPE = YES_ERROR;
				GCC_WARN_UNDECLARED_SELECTOR = YES;
				GCC_WARN_UNINITIALIZED_AUTOS = YES_AGGRESSIVE;
				GCC_WARN_UNUSED_FUNCTION = YES;
				GCC_WARN_UNUSED_VARIABLE = YES;
				IPHONEOS_DEPLOYMENT_TARGET = 15.0;
				LOCALIZATION_PREFERS_STRING_CATALOGS = YES;
				MTL_ENABLE_DEBUG_INFO = INCLUDE_SOURCE;
				MTL_FAST_MATH = YES;
				ONLY_ACTIVE_ARCH = YES;
				SDKROOT = iphoneos;
				SWIFT_ACTIVE_COMPILATION_CONDITIONS = "DEBUG $(inherited)";
				SWIFT_OPTIMIZATION_LEVEL = "-Onone";
			};
			name = Debug;
		};
		002300002 /* Release */ = {
			isa = XCBuildConfiguration;
			buildSettings = {
				ALWAYS_SEARCH_USER_PATHS = NO;
				ASSETCATALOG_COMPILER_GENERATE_SWIFT_ASSET_SYMBOL_EXTENSIONS = YES;
				CLANG_ANALYZER_NONNULL = YES;
				CLANG_ANALYZER_NUMBER_OBJECT_CONVERSION = YES_AGGRESSIVE;
				CLANG_CXX_LANGUAGE_STANDARD = "gnu++20";
				CLANG_ENABLE_MODULES = YES;
				CLANG_ENABLE_OBJC_ARC = YES;
				CLANG_ENABLE_OBJC_WEAK = YES;
				CLANG_WARN_BLOCK_CAPTURE_AUTORELEASING = YES;
				CLANG_WARN_BOOL_CONVERSION = YES;
				CLANG_WARN_COMMA = YES;
				CLANG_WARN_CONSTANT_CONVERSION = YES;
				CLANG_WARN_DEPRECATED_OBJC_IMPLEMENTATIONS = YES;
				CLANG_WARN_DIRECT_OBJC_ISA_USAGE = YES_ERROR;
				CLANG_WARN_DOCUMENTATION_COMMENTS = YES;
				CLANG_WARN_EMPTY_BODY = YES;
				CLANG_WARN_ENUM_CONVERSION = YES;
				CLANG_WARN_INFINITE_RECURSION = YES;
				CLANG_WARN_INT_CONVERSION = YES;
				CLANG_WARN_NON_LITERAL_NULL_CONVERSION = YES;
				CLANG_WARN_OBJC_IMPLICIT_RETAIN_SELF = YES;
				CLANG_WARN_OBJC_LITERAL_CONVERSION = YES;
				CLANG_WARN_OBJC_ROOT_CLASS = YES_ERROR;
				CLANG_WARN_QUOTED_INCLUDE_IN_FRAMEWORK_HEADER = YES;
				CLANG_WARN_RANGE_LOOP_ANALYSIS = YES;
				CLANG_WARN_STRICT_PROTOTYPES = YES;
				CLANG_WARN_SUSPICIOUS_MOVE = YES;
				CLANG_WARN_UNGUARDED_AVAILABILITY = YES_AGGRESSIVE;
				CLANG_WARN_UNREACHABLE_CODE = YES;
				CLANG_WARN__DUPLICATE_METHOD_MATCH = YES;
				COPY_PHASE_STRIP = NO;
				DEBUG_INFORMATION_FORMAT = "dwarf-with-dsym";
				ENABLE_NS_ASSERTIONS = NO;
				ENABLE_STRICT_OBJC_MSGSEND = YES;
				ENABLE_USER_SCRIPT_SANDBOXING = YES;
				GCC_C_LANGUAGE_STANDARD = gnu17;
				GCC_NO_COMMON_BLOCKS = YES;
				GCC_WARN_64_TO_32_BIT_CONVERSION = YES;
				GCC_WARN_ABOUT_RETURN_TYPE = YES_ERROR;
				GCC_WARN_UNDECLARED_SELECTOR = YES;
				GCC_WARN_UNINITIALIZED_AUTOS = YES_AGGRESSIVE;
				GCC_WARN_UNUSED_FUNCTION = YES;
				GCC_WARN_UNUSED_VARIABLE = YES;
				IPHONEOS_DEPLOYMENT_TARGET = 15.0;
				LOCALIZATION_PREFERS_STRING_CATALOGS = YES;
				MTL_ENABLE_DEBUG_INFO = NO;
				MTL_FAST_MATH = YES;
				SDKROOT = iphoneos;
				SWIFT_COMPILATION_MODE = wholemodule;
				VALIDATE_PRODUCT = YES;
			};
			name = Release;
		};
		002300003 /* Debug */ = {
			isa = XCBuildConfiguration;
			buildSettings = {
				ASSETCATALOG_COMPILER_APPICON_NAME = AppIcon;
				ASSETCATALOG_COMPILER_GLOBAL_ACCENT_COLOR_NAME = AccentColor;
				CODE_SIGN_STYLE = Automatic;
				CURRENT_PROJECT_VERSION = 1;
				DEVELOPMENT_ASSET_PATHS = "";
				DEVELOPMENT_TEAM = W7843MNFQV;
				ENABLE_PREVIEWS = YES;
				GENERATE_INFOPLIST_FILE = YES;
				INFOPLIST_KEY_UIApplicationSceneManifest_Generation = YES;
				INFOPLIST_KEY_UIApplicationSupportsIndirectInputEvents = YES;
				INFOPLIST_KEY_UILaunchScreen_Generation = YES;
				INFOPLIST_KEY_UISupportedInterfaceOrientations_iPad = "UIInterfaceOrientationPortrait UIInterfaceOrientationPortraitUpsideDown UIInterfaceOrientationLandscapeLeft UIInterfaceOrientationLandscapeRight";
				INFOPLIST_KEY_UISupportedInterfaceOrientations_iPhone = "UIInterfaceOrientationPortrait UIInterfaceOrientationLandscapeLeft UIInterfaceOrientationLandscapeRight";
				IPHONEOS_DEPLOYMENT_TARGET = 18.6;
				LD_RUNPATH_SEARCH_PATHS = (
					"$(inherited)",
					"@executable_path/Frameworks",
				);
				MARKETING_VERSION = 1.0;
				PRODUCT_BUNDLE_IDENTIFIER = com.latenighthack.deltalist.demo;
				PRODUCT_NAME = "$(TARGET_NAME)";
				SWIFT_EMIT_LOC_STRINGS = YES;
				SWIFT_VERSION = 5.0;
				TARGETED_DEVICE_FAMILY = "1,2";
			};
			name = Debug;
		};
		002300004 /* Release */ = {
			isa = XCBuildConfiguration;
			buildSettings = {
				ASSETCATALOG_COMPILER_APPICON_NAME = AppIcon;
				ASSETCATALOG_COMPILER_GLOBAL_ACCENT_COLOR_NAME = AccentColor;
				CODE_SIGN_STYLE = Automatic;
				CURRENT_PROJECT_VERSION = 1;
				DEVELOPMENT_ASSET_PATHS = "";
				DEVELOPMENT_TEAM = W7843MNFQV;
				ENABLE_PREVIEWS = YES;
				GENERATE_INFOPLIST_FILE = YES;
				INFOPLIST_KEY_UIApplicationSceneManifest_Generation = YES;
				INFOPLIST_KEY_UIApplicationSupportsIndirectInputEvents = YES;
				INFOPLIST_KEY_UILaunchScreen_Generation = YES;
				INFOPLIST_KEY_UISupportedInterfaceOrientations_iPad = "UIInterfaceOrientationPortrait UIInterfaceOrientationPortraitUpsideDown UIInterfaceOrientationLandscapeLeft UIInterfaceOrientationLandscapeRight";
				INFOPLIST_KEY_UISupportedInterfaceOrientations_iPhone = "UIInterfaceOrientationPortrait UIInterfaceOrientationLandscapeLeft UIInterfaceOrientationLandscapeRight";
				IPHONEOS_DEPLOYMENT_TARGET = 18.6;
				LD_RUNPATH_SEARCH_PATHS = (
					"$(inherited)",
					"@executable_path/Frameworks",
				);
				MARKETING_VERSION = 1.0;
				PRODUCT_BUNDLE_IDENTIFIER = com.latenighthack.deltalist.demo;
				PRODUCT_NAME = "$(TARGET_NAME)";
				SWIFT_EMIT_LOC_STRINGS = YES;
				SWIFT_VERSION = 5.0;
				TARGETED_DEVICE_FAMILY = "1,2";
			};
			name = Release;
		};
/* End XCBuildConfiguration section */

/* Begin XCConfigurationList section */
		002100001 /* Build configuration list for PBXNativeTarget "DemoApp" */ = {
			isa = XCConfigurationList;
			buildConfigurations = (
				002300003 /* Debug */,
				002300004 /* Release */,
			);
			defaultConfigurationIsVisible = 0;
			defaultConfigurationName = Release;
		};
		002100002 /* Build configuration list for PBXProject "DemoApp" */ = {
			isa = XCConfigurationList;
			buildConfigurations = (
				002300001 /* Debug */,
				002300002 /* Release */,
			);
			defaultConfigurationIsVisible = 0;
			defaultConfigurationName = Release;
		};
/* End XCConfigurationList section */

/* Begin XCLocalSwiftPackageReference section */
		001E00020 /* XCLocalSwiftPackageReference "DemoCore" */ = {
			isa = XCLocalSwiftPackageReference;
			relativePath = DemoCore;
		};
/* End XCLocalSwiftPackageReference section */

/* Begin XCSwiftPackageProductDependency section */
		001B00060 /* DemoCore */ = {
			isa = XCSwiftPackageProductDependency;
			productName = DemoCore;
		};
/* End XCSwiftPackageProductDependency section */
	};
	rootObject = 002200001 /* Project object */;
}
